
Microsoft Visual Studio Solution File, Format Version 12.00
# Visual Studio Version 17
VisualStudioVersion = 17.14.37411.7
MinimumVisualStudioVersion = 10.0.40219.1
Project("{FAE04EC0-301F-11D3-BF4B-00C04F79EFBC}") = "MyBookShelf.Shared", "MyBookShelf.Shared\MyBookShelf.Shared.csproj", "{B6DFE430-85C1-49D9-8CB9-4B8DF25A1D34}"
EndProject
Project("{FAE04EC0-301F-11D3-BF4B-00C04F79EFBC}") = "MyBookShelf.WebForms", "MyBookShelf.WebForms\MyBookShelf.WebForms.csproj", "{C6663997-6F7F-434D-8A93-4CAF4DB94912}"
EndProject
Project("{FAE04EC0-301F-11D3-BF4B-00C04F79EFBC}") = "MyBookShelf.MVC", "MyBookShelf.MVC\MyBookShelf.MVC.csproj", "{243E6E8A-9A6C-4219-9566-0D4000575737}"
EndProject
Global
	GlobalSection(SolutionConfigurationPlatforms) = preSolution
		Debug|Any CPU = Debug|Any CPU
		Release|Any CPU = Release|Any CPU
	EndGlobalSection
	GlobalSection(ProjectConfigurationPlatforms) = postSolution
		{B6DFE430-85C1-49D9-8CB9-4B8DF25A1D34}.Debug|Any CPU.ActiveCfg = Debug|Any CPU
		{B6DFE430-85C1-49D9-8CB9-4B8DF25A1D34}.Debug|Any CPU.Build.0 = Debug|Any CPU
		{B6DFE430-85C1-49D9-8CB9-4B8DF25A1D34}.Release|Any CPU.ActiveCfg = Release|Any CPU
		{B6DFE430-85C1-49D9-8CB9-4B8DF25A1D34}.Release|Any CPU.Build.0 = Release|Any CPU
		{C6663997-6F7F-434D-8A93-4CAF4DB94912}.Debug|Any CPU.ActiveCfg = Debug|Any CPU
		{C6663997-6F7F-434D-8A93-4CAF4DB94912}.Debug|Any CPU.Build.0 = Debug|Any CPU
		{C6663997-6F7F-434D-8A93-4CAF4DB94912}.Release|Any CPU.ActiveCfg = Release|Any CPU
		{C6663997-6F7F-434D-8A93-4CAF4DB94912}.Release|Any CPU.Build.0 = Release|Any CPU
		{243E6E8A-9A6C-4219-9566-0D4000575737}.Debug|Any CPU.ActiveCfg = Debug|Any CPU
		{243E6E8A-9A6C-4219-9566-0D4000575737}.Debug|Any CPU.Build.0 = Debug|Any CPU
		{243E6E8A-9A6C-4219-9566-0D4000575737}.Release|Any CPU.ActiveCfg = Release|Any CPU
		{243E6E8A-9A6C-4219-9566-0D4000575737}.Release|Any CPU.Build.0 = Release|Any CPU
	EndGlobalSection
	GlobalSection(SolutionProperties) = preSolution
		HideSolutionNode = FALSE
	EndGlobalSection
	GlobalSection(ExtensibilityGlobals) = postSolution
		SolutionGuid = {988C1E59-D680-40FA-B2D1-B82A594BB41F}
	EndGlobalSection
EndGlobal
